github.com/alecthomas/chroma/v2 v2.2.0 h1:Aten8jfQwUqEdadVFFjNyjx7HTexhKP0XuqBG67mRDY=
github.com/alecthomas/chroma/v2 v2.2.0/go.mod h1:vf4zrexSH54oEjJ7EdB65tGNHmH3pGZmVkgTP5RHvAs=
github.com/alecthomas/repr v0.0.0-20220113201626-b1b626ac65ae h1:zzGwJfFlFGD94CyyYwCJeSuD32Gj9GTaSi5y9hoVzdY=
github.com/alecthomas/repr v0.0.0-20220113201626-b1b626ac65ae/go.mod h1:2kn6fqh/zIyPLmm3ugklbEi5hg5wS435eygvNfaDQL8=
github.com/alexedwards/flow v0.0.0-20220806114457-cf11be9e0e03 h1:r07xZN3ENBWdxGuU/feCsnpsgHJ7+3uLm7cq9S0sqoI=
github.com/alexedwards/flow v0.0.0-20220806114457-cf11be9e0e03/go.mod h1:1rjOQiOqQlmMdUMuvlJFjldqTnE/tQULE7qPIu4aq3U=
github.com/clgt/log v1.0.0 h1:0XH5WeYnCPeG7OTmfbkD6JEotGtM/atMwxHOg03LCmw=
github.com/clgt/log v1.0.0/go.mod h1:75GRSpkflqitB/cP3H7V8zjUe1wM0PIVmI6NnqkmBvM=
github.com/cpuguy83/go-md2man/v2 v2.0.2 h1:p1EgwI/C7NhT0JmVkwCD2ZBK8j4aeHQX2pMHHBfMQ6w=
github.com/cpuguy83/go-md2man/v2 v2.0.2/go.mod h1:tgQtvFlXSQOSOSIRvRPT7W67SCa46tRHOmNcaadrF8o=
github.com/creack/pty v1.1.9/go.mod h1:oKZEueFk5CKHvIhNR5MUki03XCEU+Q6VDXinZuGJ33E=
github.com/davecgh/go-spew v1.1.0/go.mod h1:J7Y8YcW2NihsgmVo/mv3lAwl/skON4iLHjSsI+c5H38=
github.com/davecgh/go-spew v1.1.1 h1:vj9j/u1bqnvCEfJOwUhtlOARqs3+rkHYY13jYWTU97c=
github.com/davecgh/go-spew v1.1.1/go.mod h1:J7Y8YcW2NihsgmVo/mv3lAwl/skON4iLHjSsI+c5H38=
github.com/dlclark/regexp2 v1.4.0/go.mod h1:2pZnwuY/m+8K6iRw6wQdMtk+rH5tNGR1i55kozfMjCc=
github.com/dlclark/regexp2 v1.7.0 h1:7lJfhqlPssTb1WQx4yvTHN0uElPEv52sbaECrAQxjAo=
github.com/dlclark/regexp2 v1.7.0/go.mod h1:DHkYz0B9wPfa6wondMfaivmHpzrQ3v9q8cnmRbL6yW8=
github.com/dustin/go-humanize v1.0.1 h1:GzkhY7T5VNhEkwH0PVJgjz+fX1rhBrR7pRT3mDkpeCY=
github.com/dustin/go-humanize v1.0.1/go.mod h1:Mu1zIs6XwVuF/gI1OepvI0qD18qycQx+mFykh5fBlto=
github.com/fatih/color v1.15.0 h1:kOqh6YHBtK8aywxGerMG2Eq3H6Qgoqeo13Bk2Mv/nBs=
github.com/fatih/color v1.15.0/go.mod h1:0h5ZqXfHYED7Bhv2ZJamyIOUej9KtShiJESRwBDUSsw=
github.com/golangcollege/sessions v1.2.0 h1:2aD9jac/N8NC/y+NEoirYMGlYymzS0ZQN6ASudm4P0s=
github.com/golangcollege/sessions v1.2.0/go.mod h1:7iTf/FrZku0hWyjV95lES7abH89WBlyBjPyA1htnuks=
github.com/jackc/pgpassfile v1.0.0 h1:/6Hmqy13Ss2zCq62VdNG8tM1wchn8zjSGOBJ6icpsIM=
github.com/jackc/pgpassfile v1.0.0/go.mod h1:CEx0iS5ambNFdcRtxPj5JhEz+xB6uRky5eyVu/W2HEg=
github.com/jackc/pgservicefile v0.0.0-20221227161230-091c0ba34f0a h1:bbPeKD0xmW/Y25WS6cokEszi5g+S0QxI/d45PkRi7Nk=
github.com/jackc/pgservicefile v0.0.0-20221227161230-091c0ba34f0a/go.mod h1:5TJZWKEWniPve33vlWYSoGYefn3gLQRzjfDlhSJ9ZKM=
github.com/jackc/pgx/v5 v5.3.1 h1:Fcr8QJ1ZeLi5zsPZqQeUZhNhxfkkKBOgJuYkJHoBOtU=
github.com/jackc/pgx/v5 v5.3.1/go.mod h1:t3JDKnCBlYIc0ewLF0Q7B8MXmoIaBOZj/ic7iHozM/8=
github.com/kr/pretty v0.3.1 h1:flRD4NNwYAUpkphVc1HcthR4KEIFJ65n8Mw5qdRn3LE=
github.com/kr/pretty v0.3.1/go.mod h1:hoEshYVHaxMs3cyo3Yncou5ZscifuDolrwPKZanG3xk=
github.com/kr/text v0.2.0 h1:5Nx0Ya0ZqY2ygV366QzturHI13Jq95ApcVaJBhpS+AY=
github.com/kr/text v0.2.0/go.mod h1:eLer722TekiGuMkidMxC/pM04lWEeraHUUmBw8l2grE=
github.com/lib/pq v1.10.9 h1:YXG7RB+JIjhP29X+OtkiDnYaXQwpS4JEWq7dtCCRUEw=
github.com/lib/pq v1.10.9/go.mod h1:AlVN5x4E4T544tWzH6hKfbfQvm3HdbOxrmggDNAPY9o=
github.com/litao91/goldmark-mathjax v0.0.0-20210217064022-a43cf739a50f h1:plCPYXRXDCO57qjqegCzaVf1t6aSbgCMD+zfz18POfs=
github.com/litao91/goldmark-mathjax v0.0.0-20210217064022-a43cf739a50f/go.mod h1:leg+HM7jUS84JYuY120zmU68R6+UeU6uZ/KAW7cViKE=
github.com/mattn/go-colorable v0.1.13 h1:fFA4WZxdEF4tXPZVKMLwD8oUnCTTo08duU7wxecdEvA=
github.com/mattn/go-colorable v0.1.13/go.mod h1:7S9/ev0klgBDR4GtXTXX8a3vIGJpMovkB8vQcUbaXHg=
github.com/mattn/go-isatty v0.0.16/go.mod h1:kYGgaQfpe5nmfYZH+SKPsOc2e4SrIfOl2e/yFXSvRLM=
github.com/mattn/go-isatty v0.0.19 h1:JITubQf0MOLdlGRuRq+jtsDlekdYPia9ZFsB8h/APPA=
github.com/mattn/go-isatty v0.0.19/go.mod h1:W+V8PltTTMOvKvAeJH7IuucS94S2C6jfK/D7dTCTo3Y=
github.com/mozillazg/go-slugify v0.2.0 h1:SIhqDlnJWZH8OdiTmQgeXR28AOnypmAXPeOTcG7b9lk=
github.com/mozillazg/go-slugify v0.2.0/go.mod h1:z7dPH74PZf2ZPFkyxx+zjPD8CNzRJNa1CGacv0gg8Ns=
github.com/mozillazg/go-unidecode v0.2.0 h1:vFGEzAH9KSwyWmXCOblazEWDh7fOkpmy/Z4ArmamSUc=
github.com/mozillazg/go-unidecode v0.2.0/go.mod h1:zB48+/Z5toiRolOZy9ksLryJ976VIwmDmpQ2quyt1aA=
github.com/pkg/errors v0.9.1 h1:FEBLx1zS214owpjy7qsBeixbURkuhQAwrK5UwLGTwt4=
github.com/pkg/errors v0.9.1/go.mod h1:bwawxfHBFNV+L2hUp1rHADufV3IMtnDRdf1r5NINEl0=
github.com/pmezard/go-difflib v1.0.0 h1:4DBwDE0NGyQoBHbLQYPwSUPoCMWR5BEzIk/f1lZbAQM=
github.com/pmezard/go-difflib v1.0.0/go.mod h1:iKH77koFhYxTK1pcRnkKkqfTogsbg7gZNVY4sRDYZ/4=
github.com/rogpeppe/go-internal v1.11.0 h1:cWPaGQEPrBb5/AsnsZesgZZ9yb1OQ+GOISoDNXVBh4M=
github.com/rogpeppe/go-internal v1.11.0/go.mod h1:ddIwULY96R17DhadqLgMfk9H9tvdUzkipdSkR5nkCZA=
github.com/rs/xid v1.5.0 h1:mKX4bl4iPYJtEIxp6CYiUuLQ/8DYMoz0PUdtGgMFRVc=
github.com/rs/xid v1.5.0/go.mod h1:trrq9SKmegXys3aeAKXMUTdJsYXVwGY3RLcfgqegfbg=
github.com/russross/blackfriday/v2 v2.1.0 h1:JIOH55/0cWyOuilr9/qlrm0BSXldqnqwMsf35Ld67mk=
github.com/russross/blackfriday/v2 v2.1.0/go.mod h1:+Rmxgy9KzJVeS9/2gXHxylqXiyQDYRxCVz55jmeOWTM=
github.com/stretchr/objx v0.1.0/go.mod h1:HFkY916IF+rwdDfMAkV7OtwuqBVzrE8GR6GFx+wExME=
github.com/stretchr/testify v1.3.0/go.mod h1:M5WIy9Dh21IEIfnGCwXGc5bZfKNJtfHm1UVUgZn+9EI=
github.com/stretchr/testify v1.6.1/go.mod h1:6Fq8oRcR53rry900zMqJjRRixrwX3KX962/h/Wwjteg=
github.com/stretchr/testify v1.7.0/go.mod h1:6Fq8oRcR53rry900zMqJjRRixrwX3KX962/h/Wwjteg=
github.com/stretchr/testify v1.8.4 h1:CcVxjf3Q8PM0mHUKJCdn+eZZtm5yQwehR5yeSVQQcUk=
github.com/stretchr/testify v1.8.4/go.mod h1:sz/lmYIOXD/1dqDmKjjqLyZ2RngseejIcXlSw2iwfAo=
github.com/tj/assert v0.0.3 h1:Df/BlaZ20mq6kuai7f5z2TvPFiwC3xaWJSDQNiIS3Rk=
github.com/tj/assert v0.0.3/go.mod h1:Ne6X72Q+TB1AteidzQncjw9PabbMp4PBMZ1k+vd1Pvk=
github.com/urfave/cli/v2 v2.25.7 h1:VAzn5oq403l5pHjc4OhD54+XGO9cdKVL/7lDjF+iKUs=
github.com/urfave/cli/v2 v2.25.7/go.mod h1:8qnjx1vcq5s2/wpsqoZFndg2CE5tNFyrTvS6SinrnYQ=
github.com/xrash/smetrics v0.0.0-20201216005158-039620a65673 h1:bAn7/zixMGCfxrRTfdpNzjtPYqr8smhKouy9mxVdGPU=
github.com/xrash/smetrics v0.0.0-20201216005158-039620a65673/go.mod h1:N3UwUGtsrSj3ccvlPHLoLsHnpR27oXr4ZE984MbSER8=
github.com/yuin/goldmark v1.2.1/go.mod h1:3hX8gzYuyVAZsxl0MRgGTJEmQBFcNTphYh9decYSb74=
github.com/yuin/goldmark v1.4.15/go.mod h1:6yULJ656Px+3vBD8DxQVa3kxgyrAnzto9xy5taEt/CY=
github.com/yuin/goldmark v1.5.4 h1:2uY/xC0roWy8IBEGLgB1ywIoEJFGmRrX21YQcvGZzjU=
github.com/yuin/goldmark v1.5.4/go.mod h1:6yULJ656Px+3vBD8DxQVa3kxgyrAnzto9xy5taEt/CY=
github.com/yuin/goldmark-emoji v1.0.1 h1:ctuWEyzGBwiucEqxzwe0SOYDXPAucOrE9NQC18Wa1os=
github.com/yuin/goldmark-emoji v1.0.1/go.mod h1:2w1E6FEWLcDQkoTE+7HU6QF1F6SLlNGjRIBbIZQFqkQ=
github.com/yuin/goldmark-highlighting/v2 v2.0.0-20220924101305-151362477c87 h1:Py16JEzkSdKAtEFJjiaYLYBOWGXc1r/xHj/Q/5lA37k=
github.com/yuin/goldmark-highlighting/v2 v2.0.0-20220924101305-151362477c87/go.mod h1:ovIvrum6DQJA4QsJSovrkC4saKHQVs7TvcaeO8AIl5I=
github.com/yuin/goldmark-meta v1.1.0 h1:pWw+JLHGZe8Rk0EGsMVssiNb/AaPMHfSRszZeUeiOUc=
github.com/yuin/goldmark-meta v1.1.0/go.mod h1:U4spWENafuA7Zyg+Lj5RqK/MF+ovMYtBvXi1lBb2VP0=
golang.org/x/crypto v0.0.0-20190308221718-c2843e01d9a2/go.mod h1:djNgcEr1/C05ACkg1iLfiJU5Ep61QUkGW8qpdssI0+w=
golang.org/x/crypto v0.0.0-20200317142112-1b76d66859c6/go.mod h1:LzIPMQfyMNhhGPhUkYOs5KpL4U8rLKemX1yGLhDgUto=
golang.org/x/crypto v0.9.0 h1:LF6fAI+IutBocDJ2OT0Q1g8plpYljMZ4+lty+dsqw3g=
golang.org/x/crypto v0.9.0/go.mod h1:yrmDGqONDYtNj3tH8X9dzUun2m2lzPa9ngI6/RUPGR0=
golang.org/x/net v0.0.0-20190404232315-eb5bcb51f2a3/go.mod h1:t9HGtf8HONx5eT2rtn7q6eTqICYqUVnKs3thJo3Qplg=
golang.org/x/sys v0.0.0-20190215142949-d0b11bdaac8a/go.mod h1:STP8DvDyc/dI5b8T5hshtkjS+E42TnysNCUPdjciGhY=
golang.org/x/sys v0.0.0-20190412213103-97732733099d/go.mod h1:h1NjWce9XRLGQEsW7wpKNCjG9DtNlClVuFLEZdDNbEs=
golang.org/x/sys v0.0.0-20220811171246-fbc7d0a398ab/go.mod h1:oPkhp1MJrh7nUepCBck5+mAzfO9JrbApNNgaTdGDITg=
golang.org/x/sys v0.6.0/go.mod h1:oPkhp1MJrh7nUepCBck5+mAzfO9JrbApNNgaTdGDITg=
golang.org/x/sys v0.12.0 h1:CM0HF96J0hcLAwsHPJZjfdNzs0gftsLfgKt57wWHJ0o=
golang.org/x/sys v0.12.0/go.mod h1:oPkhp1MJrh7nUepCBck5+mAzfO9JrbApNNgaTdGDITg=
golang.org/x/text v0.3.0/go.mod h1:NqM8EUOU14njkJ3fqMW+pc6Ldnwhi/IjpwHt7yyuwOQ=
golang.org/x/text v0.9.0 h1:2sjJmO8cDvYveuX97RDLsxlyUxLl+GHoLxBiRdHllBE=
golang.org/x/text v0.9.0/go.mod h1:e1OnstbJyHTd6l/uOt8jFFHp6TRDWZR/bV3emEE/zU8=
gopkg.in/check.v1 v0.0.0-20161208181325-20d25e280405/go.mod h1:Co6ibVJAznAaIkqp8huTwlJQCZ016jof/cbN4VW5Yz0=
gopkg.in/check.v1 v1.0.0-20201130134442-10cb98267c6c h1:Hei/4ADfdWqJk1ZMxUNpqntNwaWcugrBjAiHlqqRiVk=
gopkg.in/check.v1 v1.0.0-20201130134442-10cb98267c6c/go.mod h1:JHkPIbrfpd72SG/EVd6muEfDQjcINNoR0C8j2r3qZ4Q=
gopkg.in/yaml.v2 v2.4.0 h1:D8xgwECY7CYvx+Y2n4sBz93Jn9JRvxdiyyo8CTfuKaY=
gopkg.in/yaml.v2 v2.4.0/go.mod h1:RDklbk79AGWmwhnvt/jBztapEOGDOx6ZbXqjP6csGnQ=
gopkg.in/yaml.v3 v3.0.0-20200313102051-9f266ea9e77c/go.mod h1:K4uyk7z7BCEPqu6E+C64Yfv1cQ7kz7rIZviUmN+EgEM=
gopkg.in/yaml.v3 v3.0.1 h1:fxVm/GzAzEWqLHuvctI91KS9hhNmmWOoWu0XTYJS7CA=
gopkg.in/yaml.v3 v3.0.1/go.mod h1:K4uyk7z7BCEPqu6E+C64Yfv1cQ7kz7rIZviUmN+EgEM=
